
Microsoft Visual Studio Solution File, Format Version 12.00
# Visual Studio Version 17
VisualStudioVersion = 17.9.34728.123
MinimumVisualStudioVersion = 10.0.40219.1
Project("{FAE04EC0-301F-11D3-BF4B-00C04F79EFBC}") = "StoredProcedure_CRUD", "StoredProcedure_CRUD\StoredProcedure_CRUD.csproj", "{00511FB3-1261-4AF5-BF50-DAE8D36A36AF}"
EndProject
Global
	GlobalSection(SolutionConfigurationPlatforms) = preSolution
		Debug|Any CPU = Debug|Any CPU
		Release|Any CPU = Release|Any CPU
	EndGlobalSection
	GlobalSection(ProjectConfigurationPlatforms) = postSolution
		{00511FB3-1261-4AF5-BF50-DAE8D36A36AF}.Debug|Any CPU.ActiveCfg = Debug|Any CPU
		{00511FB3-1261-4AF5-BF50-DAE8D36A36AF}.Debug|Any CPU.Build.0 = Debug|Any CPU
		{00511FB3-1261-4AF5-BF50-DAE8D36A36AF}.Release|Any CPU.ActiveCfg = Release|Any CPU
		{00511FB3-1261-4AF5-BF50-DAE8D36A36AF}.Release|Any CPU.Build.0 = Release|Any CPU
	EndGlobalSection
	GlobalSection(SolutionProperties) = preSolution
		HideSolutionNode = FALSE
	EndGlobalSection
	GlobalSection(ExtensibilityGlobals) = postSolution
		SolutionGuid = {AF87F73D-E701-41DF-9AB3-646115B83734}
	EndGlobalSection
EndGlobal
